// !$*UTF8*$!
{
	archiveVersion = 1;
	classes = {
	};
	objectVersion = 50;
	objects = {

/* Begin PBXBuildFile section */
		452EB83C2702046F004B5F6D /* AppDelegate.swift in Sources */ = {isa = PBXBuildFile; fileRef = 452EB83B2702046F004B5F6D /* AppDelegate.swift */; };
		452EB83E2702046F004B5F6D /* SceneDelegate.swift in Sources */ = {isa = PBXBuildFile; fileRef = 452EB83D2702046F004B5F6D /* SceneDelegate.swift */; };
		452EB8402702046F004B5F6D /* ViewController.swift in Sources */ = {isa = PBXBuildFile; fileRef = 452EB83F2702046F004B5F6D /* ViewController.swift */; };
		452EB8432702046F004B5F6D /* Main.storyboard in Resources */ = {isa = PBXBuildFile; fileRef = 452EB8412702046F004B5F6D /* Main.storyboard */; };
		452EB84527020470004B5F6D /* Assets.xcassets in Resources */ = {isa = PBXBuildFile; fileRef = 452EB84427020470004B5F6D /* Assets.xcassets */; };
		452EB84827020470004B5F6D /* LaunchScreen.storyboard in Resources */ = {isa = PBXBuildFile; fileRef = 452EB84627020470004B5F6D /* LaunchScreen.storyboard */; };
		452EB85027020A24004B5F6D /* SimpleTableViewCell.swift in Sources */ = {isa = PBXBuildFile; fileRef = 452EB84F27020A24004B5F6D /* SimpleTableViewCell.swift */; };
		452EB85327020A44004B5F6D /* ImageTableViewCell.swift in Sources */ = {isa = PBXBuildFile; fileRef = 452EB85127020A44004B5F6D /* ImageTableViewCell.swift */; };
		452EB85427020A44004B5F6D /* ImageTableViewCell.xib in Resources */ = {isa = PBXBuildFile; fileRef = 452EB85227020A44004B5F6D /* ImageTableViewCell.xib */; };
		452EB85627020A66004B5F6D /* CodedTableViewCell.swift in Sources */ = {isa = PBXBuildFile; fileRef = 452EB85527020A66004B5F6D /* CodedTableViewCell.swift */; };
/* End PBXBuildFile section */

/* Begin PBXFileReference section */
		452EB8382702046F004B5F6D /* MultipleCustomCells.app */ = {isa = PBXFileReference; explicitFileType = wrapper.application; includeInIndex = 0; path = MultipleCustomCells.app; sourceTree = BUILT_PRODUCTS_DIR; };
		452EB83B2702046F004B5F6D /* AppDelegate.swift */ = {isa = PBXFileReference; lastKnownFileType = sourcecode.swift; path = AppDelegate.swift; sourceTree = "<group>"; };
		452EB83D2702046F004B5F6D /* SceneDelegate.swift */ = {isa = PBXFileReference; lastKnownFileType = sourcecode.swift; path = SceneDelegate.swift; sourceTree = "<group>"; };
		452EB83F2702046F004B5F6D /* ViewController.swift */ = {isa = PBXFileReference; lastKnownFileType = sourcecode.swift; path = ViewController.swift; sourceTree = "<group>"; };
		452EB8422702046F004B5F6D /* Base */ = {isa = PBXFileReference; lastKnownFileType = file.storyboard; name = Base; path = Base.lproj/Main.storyboard; sourceTree = "<group>"; };
		452EB84427020470004B5F6D /* Assets.xcassets */ = {isa = PBXFileReference; lastKnownFileType = folder.assetcatalog; path = Assets.xcassets; sourceTree = "<group>"; };
		452EB84727020470004B5F6D /* Base */ = {isa = PBXFileReference; lastKnownFileType = file.storyboard; name = Base; path = Base.lproj/LaunchScreen.storyboard; sourceTree = "<group>"; };
		452EB84927020470004B5F6D /* Info.plist */ = {isa = PBXFileReference; lastKnownFileType = text.plist.xml; path = Info.plist; sourceTree = "<group>"; };
		452EB84F27020A24004B5F6D /* SimpleTableViewCell.swift */ = {isa = PBXFileReference; lastKnownFileType = sourcecode.swift; path = SimpleTableViewCell.swift; sourceTree = "<group>"; };
		452EB85127020A44004B5F6D /* ImageTableViewCell.swift */ = {isa = PBXFileReference; lastKnownFileType = sourcecode.swift; path = ImageTableViewCell.swift; sourceTree = "<group>"; };
		452EB85227020A44004B5F6D /* ImageTableViewCell.xib */ = {isa = PBXFileReference; lastKnownFileType = file.xib; path = ImageTableViewCell.xib; sourceTree = "<group>"; };
		452EB85527020A66004B5F6D /* CodedTableViewCell.swift */ = {isa = PBXFileReference; lastKnownFileType = sourcecode.swift; path = CodedTableViewCell.swift; sourceTree = "<group>"; };
/* End PBXFileReference section */

/* Begin PBXFrameworksBuildPhase section */
		452EB8352702046F004B5F6D /* Frameworks */ = {
			isa = PBXFrameworksBuildPhase;
			buildActionMask = 2147483647;
			files = (
			);
			runOnlyForDeploymentPostprocessing = 0;
		};
/* End PBXFrameworksBuildPhase section */

/* Begin PBXGroup section */
		452EB82F2702046F004B5F6D = {
			isa = PBXGroup;
			children = (
				452EB83A2702046F004B5F6D /* MultipleCustomCells */,
				452EB8392702046F004B5F6D /* Products */,
			);
			sourceTree = "<group>";
		};
		452EB8392702046F004B5F6D /* Products */ = {
			isa = PBXGroup;
			children = (
				452EB8382702046F004B5F6D /* MultipleCustomCells.app */,
			);
			name = Products;
			sourceTree = "<group>";
		};
		452EB83A2702046F004B5F6D /* MultipleCustomCells */ = {
			isa = PBXGroup;
			children = (
				452EB84F27020A24004B5F6D /* SimpleTableViewCell.swift */,
				452EB85127020A44004B5F6D /* ImageTableViewCell.swift */,
				452EB85227020A44004B5F6D /* ImageTableViewCell.xib */,
				452EB85527020A66004B5F6D /* CodedTableViewCell.swift */,
				452EB83B2702046F004B5F6D /* AppDelegate.swift */,
				452EB83D2702046F004B5F6D /* SceneDelegate.swift */,
				452EB83F2702046F004B5F6D /* ViewController.swift */,
				452EB8412702046F004B5F6D /* Main.storyboard */,
				452EB84427020470004B5F6D /* Assets.xcassets */,
				452EB84627020470004B5F6D /* LaunchScreen.storyboard */,
				452EB84927020470004B5F6D /* Info.plist */,
			);
			path = MultipleCustomCells;
			sourceTree = "<group>";
		};
/* End PBXGroup section */

/* Begin PBXNativeTarget section */
		452EB8372702046F004B5F6D /* MultipleCustomCells */ = {
			isa = PBXNativeTarget;
			buildConfigurationList = 452EB84C27020470004B5F6D /* Build configuration list for PBXNativeTarget "MultipleCustomCells" */;
			buildPhases = (
				452EB8342702046F004B5F6D /* Sources */,
				452EB8352702046F004B5F6D /* Frameworks */,
				452EB8362702046F004B5F6D /* Resources */,
			);
			buildRules = (
			);
			dependencies = (
			);
			name = MultipleCustomCells;
			productName = MultipleCustomCells;
			productReference = 452EB8382702046F004B5F6D /* MultipleCustomCells.app */;
			productType = "com.apple.product-type.application";
		};
/* End PBXNativeTarget section */

/* Begin PBXProject section */
		452EB8302702046F004B5F6D /* Project object */ = {
			isa = PBXProject;
			attributes = {
				LastSwiftUpdateCheck = 1250;
				LastUpgradeCheck = 1250;
				TargetAttributes = {
					452EB8372702046F004B5F6D = {
						CreatedOnToolsVersion = 12.5;
					};
				};
			};
			buildConfigurationList = 452EB8332702046F004B5F6D /* Build configuration list for PBXProject "MultipleCustomCells" */;
			compatibilityVersion = "Xcode 9.3";
			developmentRegion = en;
			hasScannedForEncodings = 0;
			knownRegions = (
				en,
				Base,
			);
			mainGroup = 452EB82F2702046F004B5F6D;
			productRefGroup = 452EB8392702046F004B5F6D /* Products */;
			projectDirPath = "";
			projectRoot = "";
			targets = (
				452EB8372702046F004B5F6D /* MultipleCustomCells */,
			);
		};
/* End PBXProject section */

/* Begin PBXResourcesBuildPhase section */
		452EB8362702046F004B5F6D /* Resources */ = {
			isa = PBXResourcesBuildPhase;
			buildActionMask = 2147483647;
			files = (
				452EB84827020470004B5F6D /* LaunchScreen.storyboard in Resources */,
				452EB85427020A44004B5F6D /* ImageTableViewCell.xib in Resources */,
				452EB84527020470004B5F6D /* Assets.xcassets in Resources */,
				452EB8432702046F004B5F6D /* Main.storyboard in Resources */,
			);
			runOnlyForDeploymentPostprocessing = 0;
		};
/* End PBXResourcesBuildPhase section */

/* Begin PBXSourcesBuildPhase section */
		452EB8342702046F004B5F6D /* Sources */ = {
			isa = PBXSourcesBuildPhase;
			buildActionMask = 2147483647;
			files = (
				452EB8402702046F004B5F6D /* ViewController.swift in Sources */,
				452EB85627020A66004B5F6D /* CodedTableViewCell.swift in Sources */,
				452EB85027020A24004B5F6D /* SimpleTableViewCell.swift in Sources */,
				452EB85327020A44004B5F6D /* ImageTableViewCell.swift in Sources */,
				452EB83C2702046F004B5F6D /* AppDelegate.swift in Sources */,
				452EB83E2702046F004B5F6D /* SceneDelegate.swift in Sources */,
			);
			runOnlyForDeploymentPostprocessing = 0;
		};
/* End PBXSourcesBuildPhase section */

/* Begin PBXVariantGroup section */
		452EB8412702046F004B5F6D /* Main.storyboard */ = {
			isa = PBXVariantGroup;
			children = (
				452EB8422702046F004B5F6D /* Base */,
			);
			name = Main.storyboard;
			sourceTree = "<group>";
		};
		452EB84627020470004B5F6D /* LaunchScreen.storyboard */ = {
			isa = PBXVariantGroup;
			children = (
				452EB84727020470004B5F6D /* Base */,
			);
			name = LaunchScreen.storyboard;
			sourceTree = "<group>";
		};
/* End PBXVariantGroup section */

/* Begin XCBuildConfiguration section */
		452EB84A27020470004B5F6D /* Debug */ = {
			isa = XCBuildConfiguration;
			buildSettings = {
				ALWAYS_SEARCH_USER_PATHS = NO;
				CLANG_ANALYZER_NONNULL = YES;
				CLANG_ANALYZER_NUMBER_OBJECT_CONVERSION = YES_AGGRESSIVE;
				CLANG_CXX_LANGUAGE_STANDARD = "gnu++14";
				CLANG_CXX_LIBRARY = "libc++";
				CLANG_ENABLE_MODULES = YES;
				CLANG_ENABLE_OBJC_ARC = YES;
				CLANG_ENABLE_OBJC_WEAK = YES;
				CLANG_WARN_BLOCK_CAPTURE_AUTORELEASING = YES;
				CLANG_WARN_BOOL_CONVERSION = YES;
				CLANG_WARN_COMMA = YES;
				CLANG_WARN_CONSTANT_CONVERSION = YES;
				CLANG_WARN_DEPRECATED_OBJC_IMPLEMENTATIONS = YES;
				CLANG_WARN_DIRECT_OBJC_ISA_USAGE = YES_ERROR;
				CLANG_WARN_DOCUMENTATION_COMMENTS = YES;
				CLANG_WARN_EMPTY_BODY = YES;
				CLANG_WARN_ENUM_CONVERSION = YES;
				CLANG_WARN_INFINITE_RECURSION = YES;
				CLANG_WARN_INT_CONVERSION = YES;
				CLANG_WARN_NON_LITERAL_NULL_CONVERSION = YES;
				CLANG_WARN_OBJC_IMPLICIT_RETAIN_SELF = YES;
				CLANG_WARN_OBJC_LITERAL_CONVERSION = YES;
				CLANG_WARN_OBJC_ROOT_CLASS = YES_ERROR;
				CLANG_WARN_QUOTED_INCLUDE_IN_FRAMEWORK_HEADER = YES;
				CLANG_WARN_RANGE_LOOP_ANALYSIS = YES;
				CLANG_WARN_STRICT_PROTOTYPES = YES;
				CLANG_WARN_SUSPICIOUS_MOVE = YES;
				CLANG_WARN_UNGUARDED_AVAILABILITY = YES_AGGRESSIVE;
				CLANG_WARN_UNREACHABLE_CODE = YES;
				CLANG_WARN__DUPLICATE_METHOD_MATCH = YES;
				COPY_PHASE_STRIP = NO;
				DEBUG_INFORMATION_FORMAT = dwarf;
				ENABLE_STRICT_OBJC_MSGSEND = YES;
				ENABLE_TESTABILITY = YES;
				GCC_C_LANGUAGE_STANDARD = gnu11;
				GCC_DYNAMIC_NO_PIC = NO;
				GCC_NO_COMMON_BLOCKS = YES;
				GCC_OPTIMIZATION_LEVEL = 0;
				GCC_PREPROCESSOR_DEFINITIONS = (
					"DEBUG=1",
					"$(inherited)",
				);
				GCC_WARN_64_TO_32_BIT_CONVERSION = YES;
				GCC_WARN_ABOUT_RETURN_TYPE = YES_ERROR;
				GCC_WARN_UNDECLARED_SELECTOR = YES;
				GCC_WARN_UNINITIALIZED_AUTOS = YES_AGGRESSIVE;
				GCC_WARN_UNUSED_FUNCTION = YES;
				GCC_WARN_UNUSED_VARIABLE = YES;
				IPHONEOS_DEPLOYMENT_TARGET = 14.5;
				MTL_ENABLE_DEBUG_INFO = INCLUDE_SOURCE;
				MTL_FAST_MATH = YES;
				ONLY_ACTIVE_ARCH = YES;
				SDKROOT = iphoneos;
				SWIFT_ACTIVE_COMPILATION_CONDITIONS = DEBUG;
				SWIFT_OPTIMIZATION_LEVEL = "-Onone";
			};
			name = Debug;
		};
		452EB84B27020470004B5F6D /* Release */ = {
			isa = XCBuildConfiguration;
			buildSettings = {
				ALWAYS_SEARCH_USER_PATHS = NO;
				CLANG_ANALYZER_NONNULL = YES;
				CLANG_ANALYZER_NUMBER_OBJECT_CONVERSION = YES_AGGRESSIVE;
				CLANG_CXX_LANGUAGE_STANDARD = "gnu++14";
				CLANG_CXX_LIBRARY = "libc++";
				CLANG_ENABLE_MODULES = YES;
				CLANG_ENABLE_OBJC_ARC = YES;
				CLANG_ENABLE_OBJC_WEAK = YES;
				CLANG_WARN_BLOCK_CAPTURE_AUTORELEASING = YES;
				CLANG_WARN_BOOL_CONVERSION = YES;
				CLANG_WARN_COMMA = YES;
				CLANG_WARN_CONSTANT_CONVERSION = YES;
				CLANG_WARN_DEPRECATED_OBJC_IMPLEMENTATIONS = YES;
				CLANG_WARN_DIRECT_OBJC_ISA_USAGE = YES_ERROR;
				CLANG_WARN_DOCUMENTATION_COMMENTS = YES;
				CLANG_WARN_EMPTY_BODY = YES;
				CLANG_WARN_ENUM_CONVERSION = YES;
				CLANG_WARN_INFINITE_RECURSION = YES;
				CLANG_WARN_INT_CONVERSION = YES;
				CLANG_WARN_NON_LITERAL_NULL_CONVERSION = YES;
				CLANG_WARN_OBJC_IMPLICIT_RETAIN_SELF = YES;
				CLANG_WARN_OBJC_LITERAL_CONVERSION = YES;
				CLANG_WARN_OBJC_ROOT_CLASS = YES_ERROR;
				CLANG_WARN_QUOTED_INCLUDE_IN_FRAMEWORK_HEADER = YES;
				CLANG_WARN_RANGE_LOOP_ANALYSIS = YES;
				CLANG_WARN_STRICT_PROTOTYPES = YES;
				CLANG_WARN_SUSPICIOUS_MOVE = YES;
				CLANG_WARN_UNGUARDED_AVAILABILITY = YES_AGGRESSIVE;
				CLANG_WARN_UNREACHABLE_CODE = YES;
				CLANG_WARN__DUPLICATE_METHOD_MATCH = YES;
				COPY_PHASE_STRIP = NO;
				DEBUG_INFORMATION_FORMAT = "dwarf-with-dsym";
				ENABLE_NS_ASSERTIONS = NO;
				ENABLE_STRICT_OBJC_MSGSEND = YES;
				GCC_C_LANGUAGE_STANDARD = gnu11;
				GCC_NO_COMMON_BLOCKS = YES;
				GCC_WARN_64_TO_32_BIT_CONVERSION = YES;
				GCC_WARN_ABOUT_RETURN_TYPE = YES_ERROR;
				GCC_WARN_UNDECLARED_SELECTOR = YES;
				GCC_WARN_UNINITIALIZED_AUTOS = YES_AGGRESSIVE;
				GCC_WARN_UNUSED_FUNCTION = YES;
				GCC_WARN_UNUSED_VARIABLE = YES;
				IPHONEOS_DEPLOYMENT_TARGET = 14.5;
				MTL_ENABLE_DEBUG_INFO = NO;
				MTL_FAST_MATH = YES;
				SDKROOT = iphoneos;
				SWIFT_COMPILATION_MODE = wholemodule;
				SWIFT_OPTIMIZATION_LEVEL = "-O";
				VALIDATE_PRODUCT = YES;
			};
			name = Release;
		};
		452EB84D27020470004B5F6D /* Debug */ = {
			isa = XCBuildConfiguration;
			buildSettings = {
				ASSETCATALOG_COMPILER_APPICON_NAME = AppIcon;
				ASSETCATALOG_COMPILER_GLOBAL_ACCENT_COLOR_NAME = AccentColor;
				CODE_SIGN_STYLE = Automatic;
				DEVELOPMENT_TEAM = 88GGD7677D;
				INFOPLIST_FILE = MultipleCustomCells/Info.plist;
				LD_RUNPATH_SEARCH_PATHS = (
					"$(inherited)",
					"@executable_path/Frameworks",
				);
				PRODUCT_BUNDLE_IDENTIFIER = com.borisbolsh.MultipleCustomCells;
				PRODUCT_NAME = "$(TARGET_NAME)";
				SWIFT_VERSION = 5.0;
				TARGETED_DEVICE_FAMILY = "1,2";
			};
			name = Debug;
		};
		452EB84E27020470004B5F6D /* Release */ = {
			isa = XCBuildConfiguration;
			buildSettings = {
				ASSETCATALOG_COMPILER_APPICON_NAME = AppIcon;
				ASSETCATALOG_COMPILER_GLOBAL_ACCENT_COLOR_NAME = AccentColor;
				CODE_SIGN_STYLE = Automatic;
				DEVELOPMENT_TEAM = 88GGD7677D;
				INFOPLIST_FILE = MultipleCustomCells/Info.plist;
				LD_RUNPATH_SEARCH_PATHS = (
					"$(inherited)",
					"@executable_path/Frameworks",
				);
				PRODUCT_BUNDLE_IDENTIFIER = com.borisbolsh.MultipleCustomCells;
				PRODUCT_NAME = "$(TARGET_NAME)";
				SWIFT_VERSION = 5.0;
				TARGETED_DEVICE_FAMILY = "1,2";
			};
			name = Release;
		};
/* End XCBuildConfiguration section */

/* Begin XCConfigurationList section */
		452EB8332702046F004B5F6D /* Build configuration list for PBXProject "MultipleCustomCells" */ = {
			isa = XCConfigurationList;
			buildConfigurations = (
				452EB84A27020470004B5F6D /* Debug */,
				452EB84B27020470004B5F6D /* Release */,
			);
			defaultConfigurationIsVisible = 0;
			defaultConfigurationName = Release;
		};
		452EB84C27020470004B5F6D /* Build configuration list for PBXNativeTarget "MultipleCustomCells" */ = {
			isa = XCConfigurationList;
			buildConfigurations = (
				452EB84D27020470004B5F6D /* Debug */,
				452EB84E27020470004B5F6D /* Release */,
			);
			defaultConfigurationIsVisible = 0;
			defaultConfigurationName = Release;
		};
/* End XCConfigurationList section */
	};
	rootObject = 452EB8302702046F004B5F6D /* Project object */;
}
