// !$*UTF8*$!
{
	archiveVersion = 1;
	classes = {
	};
	objectVersion = 50;
	objects = {

/* Begin PBXBuildFile section */
		45F85DB426FF5EED00D67BD9 /* AppDelegate.swift in Sources */ = {isa = PBXBuildFile; fileRef = 45F85DB326FF5EED00D67BD9 /* AppDelegate.swift */; };
		45F85DB626FF5EED00D67BD9 /* SceneDelegate.swift in Sources */ = {isa = PBXBuildFile; fileRef = 45F85DB526FF5EED00D67BD9 /* SceneDelegate.swift */; };
		45F85DB826FF5EED00D67BD9 /* ViewController.swift in Sources */ = {isa = PBXBuildFile; fileRef = 45F85DB726FF5EED00D67BD9 /* ViewController.swift */; };
		45F85DBB26FF5EED00D67BD9 /* Main.storyboard in Resources */ = {isa = PBXBuildFile; fileRef = 45F85DB926FF5EED00D67BD9 /* Main.storyboard */; };
		45F85DBD26FF5EEE00D67BD9 /* Assets.xcassets in Resources */ = {isa = PBXBuildFile; fileRef = 45F85DBC26FF5EEE00D67BD9 /* Assets.xcassets */; };
		45F85DC026FF5EEE00D67BD9 /* LaunchScreen.storyboard in Resources */ = {isa = PBXBuildFile; fileRef = 45F85DBE26FF5EEE00D67BD9 /* LaunchScreen.storyboard */; };
		45F85DCB26FF610500D67BD9 /* CollectionTableViewCell.swift in Sources */ = {isa = PBXBuildFile; fileRef = 45F85DC926FF610500D67BD9 /* CollectionTableViewCell.swift */; };
		45F85DCC26FF610500D67BD9 /* CollectionTableViewCell.xib in Resources */ = {isa = PBXBuildFile; fileRef = 45F85DCA26FF610500D67BD9 /* CollectionTableViewCell.xib */; };
		45F85DCF26FF612C00D67BD9 /* MyCollectionViewCell.swift in Sources */ = {isa = PBXBuildFile; fileRef = 45F85DCD26FF612C00D67BD9 /* MyCollectionViewCell.swift */; };
		45F85DD026FF612C00D67BD9 /* MyCollectionViewCell.xib in Resources */ = {isa = PBXBuildFile; fileRef = 45F85DCE26FF612C00D67BD9 /* MyCollectionViewCell.xib */; };
		45F85DD226FF62F500D67BD9 /* Model.swift in Sources */ = {isa = PBXBuildFile; fileRef = 45F85DD126FF62F500D67BD9 /* Model.swift */; };
/* End PBXBuildFile section */

/* Begin PBXFileReference section */
		45F85DB026FF5EED00D67BD9 /* CollectionVInTableVCell.app */ = {isa = PBXFileReference; explicitFileType = wrapper.application; includeInIndex = 0; path = CollectionVInTableVCell.app; sourceTree = BUILT_PRODUCTS_DIR; };
		45F85DB326FF5EED00D67BD9 /* AppDelegate.swift */ = {isa = PBXFileReference; lastKnownFileType = sourcecode.swift; path = AppDelegate.swift; sourceTree = "<group>"; };
		45F85DB526FF5EED00D67BD9 /* SceneDelegate.swift */ = {isa = PBXFileReference; lastKnownFileType = sourcecode.swift; path = SceneDelegate.swift; sourceTree = "<group>"; };
		45F85DB726FF5EED00D67BD9 /* ViewController.swift */ = {isa = PBXFileReference; lastKnownFileType = sourcecode.swift; path = ViewController.swift; sourceTree = "<group>"; };
		45F85DBA26FF5EED00D67BD9 /* Base */ = {isa = PBXFileReference; lastKnownFileType = file.storyboard; name = Base; path = Base.lproj/Main.storyboard; sourceTree = "<group>"; };
		45F85DBC26FF5EEE00D67BD9 /* Assets.xcassets */ = {isa = PBXFileReference; lastKnownFileType = folder.assetcatalog; path = Assets.xcassets; sourceTree = "<group>"; };
		45F85DBF26FF5EEE00D67BD9 /* Base */ = {isa = PBXFileReference; lastKnownFileType = file.storyboard; name = Base; path = Base.lproj/LaunchScreen.storyboard; sourceTree = "<group>"; };
		45F85DC126FF5EEE00D67BD9 /* Info.plist */ = {isa = PBXFileReference; lastKnownFileType = text.plist.xml; path = Info.plist; sourceTree = "<group>"; };
		45F85DC926FF610500D67BD9 /* CollectionTableViewCell.swift */ = {isa = PBXFileReference; lastKnownFileType = sourcecode.swift; path = CollectionTableViewCell.swift; sourceTree = "<group>"; };
		45F85DCA26FF610500D67BD9 /* CollectionTableViewCell.xib */ = {isa = PBXFileReference; lastKnownFileType = file.xib; path = CollectionTableViewCell.xib; sourceTree = "<group>"; };
		45F85DCD26FF612C00D67BD9 /* MyCollectionViewCell.swift */ = {isa = PBXFileReference; lastKnownFileType = sourcecode.swift; path = MyCollectionViewCell.swift; sourceTree = "<group>"; };
		45F85DCE26FF612C00D67BD9 /* MyCollectionViewCell.xib */ = {isa = PBXFileReference; lastKnownFileType = file.xib; path = MyCollectionViewCell.xib; sourceTree = "<group>"; };
		45F85DD126FF62F500D67BD9 /* Model.swift */ = {isa = PBXFileReference; lastKnownFileType = sourcecode.swift; path = Model.swift; sourceTree = "<group>"; };
/* End PBXFileReference section */

/* Begin PBXFrameworksBuildPhase section */
		45F85DAD26FF5EED00D67BD9 /* Frameworks */ = {
			isa = PBXFrameworksBuildPhase;
			buildActionMask = 2147483647;
			files = (
			);
			runOnlyForDeploymentPostprocessing = 0;
		};
/* End PBXFrameworksBuildPhase section */

/* Begin PBXGroup section */
		45F85DA726FF5EED00D67BD9 = {
			isa = PBXGroup;
			children = (
				45F85DB226FF5EED00D67BD9 /* CollectionVInTableVCell */,
				45F85DB126FF5EED00D67BD9 /* Products */,
			);
			sourceTree = "<group>";
		};
		45F85DB126FF5EED00D67BD9 /* Products */ = {
			isa = PBXGroup;
			children = (
				45F85DB026FF5EED00D67BD9 /* CollectionVInTableVCell.app */,
			);
			name = Products;
			sourceTree = "<group>";
		};
		45F85DB226FF5EED00D67BD9 /* CollectionVInTableVCell */ = {
			isa = PBXGroup;
			children = (
				45F85DC826FF60D300D67BD9 /* CollectionCell */,
				45F85DC726FF60C800D67BD9 /* TableCell */,
				45F85DB326FF5EED00D67BD9 /* AppDelegate.swift */,
				45F85DB526FF5EED00D67BD9 /* SceneDelegate.swift */,
				45F85DB726FF5EED00D67BD9 /* ViewController.swift */,
				45F85DD326FF637000D67BD9 /* Model */,
				45F85DB926FF5EED00D67BD9 /* Main.storyboard */,
				45F85DBC26FF5EEE00D67BD9 /* Assets.xcassets */,
				45F85DBE26FF5EEE00D67BD9 /* LaunchScreen.storyboard */,
				45F85DC126FF5EEE00D67BD9 /* Info.plist */,
			);
			path = CollectionVInTableVCell;
			sourceTree = "<group>";
		};
		45F85DC726FF60C800D67BD9 /* TableCell */ = {
			isa = PBXGroup;
			children = (
				45F85DC926FF610500D67BD9 /* CollectionTableViewCell.swift */,
				45F85DCA26FF610500D67BD9 /* CollectionTableViewCell.xib */,
			);
			path = TableCell;
			sourceTree = "<group>";
		};
		45F85DC826FF60D300D67BD9 /* CollectionCell */ = {
			isa = PBXGroup;
			children = (
				45F85DCD26FF612C00D67BD9 /* MyCollectionViewCell.swift */,
				45F85DCE26FF612C00D67BD9 /* MyCollectionViewCell.xib */,
			);
			path = CollectionCell;
			sourceTree = "<group>";
		};
		45F85DD326FF637000D67BD9 /* Model */ = {
			isa = PBXGroup;
			children = (
				45F85DD126FF62F500D67BD9 /* Model.swift */,
			);
			path = Model;
			sourceTree = "<group>";
		};
/* End PBXGroup section */

/* Begin PBXNativeTarget section */
		45F85DAF26FF5EED00D67BD9 /* CollectionVInTableVCell */ = {
			isa = PBXNativeTarget;
			buildConfigurationList = 45F85DC426FF5EEE00D67BD9 /* Build configuration list for PBXNativeTarget "CollectionVInTableVCell" */;
			buildPhases = (
				45F85DAC26FF5EED00D67BD9 /* Sources */,
				45F85DAD26FF5EED00D67BD9 /* Frameworks */,
				45F85DAE26FF5EED00D67BD9 /* Resources */,
			);
			buildRules = (
			);
			dependencies = (
			);
			name = CollectionVInTableVCell;
			productName = CollectionVInTableVCell;
			productReference = 45F85DB026FF5EED00D67BD9 /* CollectionVInTableVCell.app */;
			productType = "com.apple.product-type.application";
		};
/* End PBXNativeTarget section */

/* Begin PBXProject section */
		45F85DA826FF5EED00D67BD9 /* Project object */ = {
			isa = PBXProject;
			attributes = {
				LastSwiftUpdateCheck = 1250;
				LastUpgradeCheck = 1250;
				TargetAttributes = {
					45F85DAF26FF5EED00D67BD9 = {
						CreatedOnToolsVersion = 12.5;
					};
				};
			};
			buildConfigurationList = 45F85DAB26FF5EED00D67BD9 /* Build configuration list for PBXProject "CollectionVInTableVCell" */;
			compatibilityVersion = "Xcode 9.3";
			developmentRegion = en;
			hasScannedForEncodings = 0;
			knownRegions = (
				en,
				Base,
			);
			mainGroup = 45F85DA726FF5EED00D67BD9;
			productRefGroup = 45F85DB126FF5EED00D67BD9 /* Products */;
			projectDirPath = "";
			projectRoot = "";
			targets = (
				45F85DAF26FF5EED00D67BD9 /* CollectionVInTableVCell */,
			);
		};
/* End PBXProject section */

/* Begin PBXResourcesBuildPhase section */
		45F85DAE26FF5EED00D67BD9 /* Resources */ = {
			isa = PBXResourcesBuildPhase;
			buildActionMask = 2147483647;
			files = (
				45F85DD026FF612C00D67BD9 /* MyCollectionViewCell.xib in Resources */,
				45F85DC026FF5EEE00D67BD9 /* LaunchScreen.storyboard in Resources */,
				45F85DBD26FF5EEE00D67BD9 /* Assets.xcassets in Resources */,
				45F85DBB26FF5EED00D67BD9 /* Main.storyboard in Resources */,
				45F85DCC26FF610500D67BD9 /* CollectionTableViewCell.xib in Resources */,
			);
			runOnlyForDeploymentPostprocessing = 0;
		};
/* End PBXResourcesBuildPhase section */

/* Begin PBXSourcesBuildPhase section */
		45F85DAC26FF5EED00D67BD9 /* Sources */ = {
			isa = PBXSourcesBuildPhase;
			buildActionMask = 2147483647;
			files = (
				45F85DB826FF5EED00D67BD9 /* ViewController.swift in Sources */,
				45F85DCF26FF612C00D67BD9 /* MyCollectionViewCell.swift in Sources */,
				45F85DB426FF5EED00D67BD9 /* AppDelegate.swift in Sources */,
				45F85DD226FF62F500D67BD9 /* Model.swift in Sources */,
				45F85DB626FF5EED00D67BD9 /* SceneDelegate.swift in Sources */,
				45F85DCB26FF610500D67BD9 /* CollectionTableViewCell.swift in Sources */,
			);
			runOnlyForDeploymentPostprocessing = 0;
		};
/* End PBXSourcesBuildPhase section */

/* Begin PBXVariantGroup section */
		45F85DB926FF5EED00D67BD9 /* Main.storyboard */ = {
			isa = PBXVariantGroup;
			children = (
				45F85DBA26FF5EED00D67BD9 /* Base */,
			);
			name = Main.storyboard;
			sourceTree = "<group>";
		};
		45F85DBE26FF5EEE00D67BD9 /* LaunchScreen.storyboard */ = {
			isa = PBXVariantGroup;
			children = (
				45F85DBF26FF5EEE00D67BD9 /* Base */,
			);
			name = LaunchScreen.storyboard;
			sourceTree = "<group>";
		};
/* End PBXVariantGroup section */

/* Begin XCBuildConfiguration section */
		45F85DC226FF5EEE00D67BD9 /* Debug */ = {
			isa = XCBuildConfiguration;
			buildSettings = {
				ALWAYS_SEARCH_USER_PATHS = NO;
				CLANG_ANALYZER_NONNULL = YES;
				CLANG_ANALYZER_NUMBER_OBJECT_CONVERSION = YES_AGGRESSIVE;
				CLANG_CXX_LANGUAGE_STANDARD = "gnu++14";
				CLANG_CXX_LIBRARY = "libc++";
				CLANG_ENABLE_MODULES = YES;
				CLANG_ENABLE_OBJC_ARC = YES;
				CLANG_ENABLE_OBJC_WEAK = YES;
				CLANG_WARN_BLOCK_CAPTURE_AUTORELEASING = YES;
				CLANG_WARN_BOOL_CONVERSION = YES;
				CLANG_WARN_COMMA = YES;
				CLANG_WARN_CONSTANT_CONVERSION = YES;
				CLANG_WARN_DEPRECATED_OBJC_IMPLEMENTATIONS = YES;
				CLANG_WARN_DIRECT_OBJC_ISA_USAGE = YES_ERROR;
				CLANG_WARN_DOCUMENTATION_COMMENTS = YES;
				CLANG_WARN_EMPTY_BODY = YES;
				CLANG_WARN_ENUM_CONVERSION = YES;
				CLANG_WARN_INFINITE_RECURSION = YES;
				CLANG_WARN_INT_CONVERSION = YES;
				CLANG_WARN_NON_LITERAL_NULL_CONVERSION = YES;
				CLANG_WARN_OBJC_IMPLICIT_RETAIN_SELF = YES;
				CLANG_WARN_OBJC_LITERAL_CONVERSION = YES;
				CLANG_WARN_OBJC_ROOT_CLASS = YES_ERROR;
				CLANG_WARN_QUOTED_INCLUDE_IN_FRAMEWORK_HEADER = YES;
				CLANG_WARN_RANGE_LOOP_ANALYSIS = YES;
				CLANG_WARN_STRICT_PROTOTYPES = YES;
				CLANG_WARN_SUSPICIOUS_MOVE = YES;
				CLANG_WARN_UNGUARDED_AVAILABILITY = YES_AGGRESSIVE;
				CLANG_WARN_UNREACHABLE_CODE = YES;
				CLANG_WARN__DUPLICATE_METHOD_MATCH = YES;
				COPY_PHASE_STRIP = NO;
				DEBUG_INFORMATION_FORMAT = dwarf;
				ENABLE_STRICT_OBJC_MSGSEND = YES;
				ENABLE_TESTABILITY = YES;
				GCC_C_LANGUAGE_STANDARD = gnu11;
				GCC_DYNAMIC_NO_PIC = NO;
				GCC_NO_COMMON_BLOCKS = YES;
				GCC_OPTIMIZATION_LEVEL = 0;
				GCC_PREPROCESSOR_DEFINITIONS = (
					"DEBUG=1",
					"$(inherited)",
				);
				GCC_WARN_64_TO_32_BIT_CONVERSION = YES;
				GCC_WARN_ABOUT_RETURN_TYPE = YES_ERROR;
				GCC_WARN_UNDECLARED_SELECTOR = YES;
				GCC_WARN_UNINITIALIZED_AUTOS = YES_AGGRESSIVE;
				GCC_WARN_UNUSED_FUNCTION = YES;
				GCC_WARN_UNUSED_VARIABLE = YES;
				IPHONEOS_DEPLOYMENT_TARGET = 14.5;
				MTL_ENABLE_DEBUG_INFO = INCLUDE_SOURCE;
				MTL_FAST_MATH = YES;
				ONLY_ACTIVE_ARCH = YES;
				SDKROOT = iphoneos;
				SWIFT_ACTIVE_COMPILATION_CONDITIONS = DEBUG;
				SWIFT_OPTIMIZATION_LEVEL = "-Onone";
			};
			name = Debug;
		};
		45F85DC326FF5EEE00D67BD9 /* Release */ = {
			isa = XCBuildConfiguration;
			buildSettings = {
				ALWAYS_SEARCH_USER_PATHS = NO;
				CLANG_ANALYZER_NONNULL = YES;
				CLANG_ANALYZER_NUMBER_OBJECT_CONVERSION = YES_AGGRESSIVE;
				CLANG_CXX_LANGUAGE_STANDARD = "gnu++14";
				CLANG_CXX_LIBRARY = "libc++";
				CLANG_ENABLE_MODULES = YES;
				CLANG_ENABLE_OBJC_ARC = YES;
				CLANG_ENABLE_OBJC_WEAK = YES;
				CLANG_WARN_BLOCK_CAPTURE_AUTORELEASING = YES;
				CLANG_WARN_BOOL_CONVERSION = YES;
				CLANG_WARN_COMMA = YES;
				CLANG_WARN_CONSTANT_CONVERSION = YES;
				CLANG_WARN_DEPRECATED_OBJC_IMPLEMENTATIONS = YES;
				CLANG_WARN_DIRECT_OBJC_ISA_USAGE = YES_ERROR;
				CLANG_WARN_DOCUMENTATION_COMMENTS = YES;
				CLANG_WARN_EMPTY_BODY = YES;
				CLANG_WARN_ENUM_CONVERSION = YES;
				CLANG_WARN_INFINITE_RECURSION = YES;
				CLANG_WARN_INT_CONVERSION = YES;
				CLANG_WARN_NON_LITERAL_NULL_CONVERSION = YES;
				CLANG_WARN_OBJC_IMPLICIT_RETAIN_SELF = YES;
				CLANG_WARN_OBJC_LITERAL_CONVERSION = YES;
				CLANG_WARN_OBJC_ROOT_CLASS = YES_ERROR;
				CLANG_WARN_QUOTED_INCLUDE_IN_FRAMEWORK_HEADER = YES;
				CLANG_WARN_RANGE_LOOP_ANALYSIS = YES;
				CLANG_WARN_STRICT_PROTOTYPES = YES;
				CLANG_WARN_SUSPICIOUS_MOVE = YES;
				CLANG_WARN_UNGUARDED_AVAILABILITY = YES_AGGRESSIVE;
				CLANG_WARN_UNREACHABLE_CODE = YES;
				CLANG_WARN__DUPLICATE_METHOD_MATCH = YES;
				COPY_PHASE_STRIP = NO;
				DEBUG_INFORMATION_FORMAT = "dwarf-with-dsym";
				ENABLE_NS_ASSERTIONS = NO;
				ENABLE_STRICT_OBJC_MSGSEND = YES;
				GCC_C_LANGUAGE_STANDARD = gnu11;
				GCC_NO_COMMON_BLOCKS = YES;
				GCC_WARN_64_TO_32_BIT_CONVERSION = YES;
				GCC_WARN_ABOUT_RETURN_TYPE = YES_ERROR;
				GCC_WARN_UNDECLARED_SELECTOR = YES;
				GCC_WARN_UNINITIALIZED_AUTOS = YES_AGGRESSIVE;
				GCC_WARN_UNUSED_FUNCTION = YES;
				GCC_WARN_UNUSED_VARIABLE = YES;
				IPHONEOS_DEPLOYMENT_TARGET = 14.5;
				MTL_ENABLE_DEBUG_INFO = NO;
				MTL_FAST_MATH = YES;
				SDKROOT = iphoneos;
				SWIFT_COMPILATION_MODE = wholemodule;
				SWIFT_OPTIMIZATION_LEVEL = "-O";
				VALIDATE_PRODUCT = YES;
			};
			name = Release;
		};
		45F85DC526FF5EEE00D67BD9 /* Debug */ = {
			isa = XCBuildConfiguration;
			buildSettings = {
				ASSETCATALOG_COMPILER_APPICON_NAME = AppIcon;
				ASSETCATALOG_COMPILER_GLOBAL_ACCENT_COLOR_NAME = AccentColor;
				CODE_SIGN_STYLE = Automatic;
				DEVELOPMENT_TEAM = 88GGD7677D;
				INFOPLIST_FILE = CollectionVInTableVCell/Info.plist;
				LD_RUNPATH_SEARCH_PATHS = (
					"$(inherited)",
					"@executable_path/Frameworks",
				);
				PRODUCT_BUNDLE_IDENTIFIER = com.borisbolsh.CollectionVInTableVCell;
				PRODUCT_NAME = "$(TARGET_NAME)";
				SWIFT_VERSION = 5.0;
				TARGETED_DEVICE_FAMILY = "1,2";
			};
			name = Debug;
		};
		45F85DC626FF5EEE00D67BD9 /* Release */ = {
			isa = XCBuildConfiguration;
			buildSettings = {
				ASSETCATALOG_COMPILER_APPICON_NAME = AppIcon;
				ASSETCATALOG_COMPILER_GLOBAL_ACCENT_COLOR_NAME = AccentColor;
				CODE_SIGN_STYLE = Automatic;
				DEVELOPMENT_TEAM = 88GGD7677D;
				INFOPLIST_FILE = CollectionVInTableVCell/Info.plist;
				LD_RUNPATH_SEARCH_PATHS = (
					"$(inherited)",
					"@executable_path/Frameworks",
				);
				PRODUCT_BUNDLE_IDENTIFIER = com.borisbolsh.CollectionVInTableVCell;
				PRODUCT_NAME = "$(TARGET_NAME)";
				SWIFT_VERSION = 5.0;
				TARGETED_DEVICE_FAMILY = "1,2";
			};
			name = Release;
		};
/* End XCBuildConfiguration section */

/* Begin XCConfigurationList section */
		45F85DAB26FF5EED00D67BD9 /* Build configuration list for PBXProject "CollectionVInTableVCell" */ = {
			isa = XCConfigurationList;
			buildConfigurations = (
				45F85DC226FF5EEE00D67BD9 /* Debug */,
				45F85DC326FF5EEE00D67BD9 /* Release */,
			);
			defaultConfigurationIsVisible = 0;
			defaultConfigurationName = Release;
		};
		45F85DC426FF5EEE00D67BD9 /* Build configuration list for PBXNativeTarget "CollectionVInTableVCell" */ = {
			isa = XCConfigurationList;
			buildConfigurations = (
				45F85DC526FF5EEE00D67BD9 /* Debug */,
				45F85DC626FF5EEE00D67BD9 /* Release */,
			);
			defaultConfigurationIsVisible = 0;
			defaultConfigurationName = Release;
		};
/* End XCConfigurationList section */
	};
	rootObject = 45F85DA826FF5EED00D67BD9 /* Project object */;
}
