// !$*UTF8*$!
{
	archiveVersion = 1;
	classes = {
	};
	objectVersion = 50;
	objects = {

/* Begin PBXBuildFile section */
		45E373F527024B1200ECADEE /* AppDelegate.swift in Sources */ = {isa = PBXBuildFile; fileRef = 45E373F427024B1200ECADEE /* AppDelegate.swift */; };
		45E373F727024B1200ECADEE /* SceneDelegate.swift in Sources */ = {isa = PBXBuildFile; fileRef = 45E373F627024B1200ECADEE /* SceneDelegate.swift */; };
		45E373F927024B1200ECADEE /* ViewController.swift in Sources */ = {isa = PBXBuildFile; fileRef = 45E373F827024B1200ECADEE /* ViewController.swift */; };
		45E373FC27024B1200ECADEE /* Main.storyboard in Resources */ = {isa = PBXBuildFile; fileRef = 45E373FA27024B1200ECADEE /* Main.storyboard */; };
		45E373FE27024B1400ECADEE /* Assets.xcassets in Resources */ = {isa = PBXBuildFile; fileRef = 45E373FD27024B1400ECADEE /* Assets.xcassets */; };
		45E3740127024B1400ECADEE /* LaunchScreen.storyboard in Resources */ = {isa = PBXBuildFile; fileRef = 45E373FF27024B1400ECADEE /* LaunchScreen.storyboard */; };
		45E3740A27024B6000ECADEE /* MyTableViewCell.swift in Sources */ = {isa = PBXBuildFile; fileRef = 45E3740827024B6000ECADEE /* MyTableViewCell.swift */; };
		45E3740B27024B6000ECADEE /* MyTableViewCell.xib in Resources */ = {isa = PBXBuildFile; fileRef = 45E3740927024B6000ECADEE /* MyTableViewCell.xib */; };
/* End PBXBuildFile section */

/* Begin PBXFileReference section */
		45E373F127024B1200ECADEE /* ButtonActionInTV.app */ = {isa = PBXFileReference; explicitFileType = wrapper.application; includeInIndex = 0; path = ButtonActionInTV.app; sourceTree = BUILT_PRODUCTS_DIR; };
		45E373F427024B1200ECADEE /* AppDelegate.swift */ = {isa = PBXFileReference; lastKnownFileType = sourcecode.swift; path = AppDelegate.swift; sourceTree = "<group>"; };
		45E373F627024B1200ECADEE /* SceneDelegate.swift */ = {isa = PBXFileReference; lastKnownFileType = sourcecode.swift; path = SceneDelegate.swift; sourceTree = "<group>"; };
		45E373F827024B1200ECADEE /* ViewController.swift */ = {isa = PBXFileReference; lastKnownFileType = sourcecode.swift; path = ViewController.swift; sourceTree = "<group>"; };
		45E373FB27024B1200ECADEE /* Base */ = {isa = PBXFileReference; lastKnownFileType = file.storyboard; name = Base; path = Base.lproj/Main.storyboard; sourceTree = "<group>"; };
		45E373FD27024B1400ECADEE /* Assets.xcassets */ = {isa = PBXFileReference; lastKnownFileType = folder.assetcatalog; path = Assets.xcassets; sourceTree = "<group>"; };
		45E3740027024B1400ECADEE /* Base */ = {isa = PBXFileReference; lastKnownFileType = file.storyboard; name = Base; path = Base.lproj/LaunchScreen.storyboard; sourceTree = "<group>"; };
		45E3740227024B1400ECADEE /* Info.plist */ = {isa = PBXFileReference; lastKnownFileType = text.plist.xml; path = Info.plist; sourceTree = "<group>"; };
		45E3740827024B6000ECADEE /* MyTableViewCell.swift */ = {isa = PBXFileReference; lastKnownFileType = sourcecode.swift; path = MyTableViewCell.swift; sourceTree = "<group>"; };
		45E3740927024B6000ECADEE /* MyTableViewCell.xib */ = {isa = PBXFileReference; lastKnownFileType = file.xib; path = MyTableViewCell.xib; sourceTree = "<group>"; };
/* End PBXFileReference section */

/* Begin PBXFrameworksBuildPhase section */
		45E373EE27024B1200ECADEE /* Frameworks */ = {
			isa = PBXFrameworksBuildPhase;
			buildActionMask = 2147483647;
			files = (
			);
			runOnlyForDeploymentPostprocessing = 0;
		};
/* End PBXFrameworksBuildPhase section */

/* Begin PBXGroup section */
		45E373E827024B1200ECADEE = {
			isa = PBXGroup;
			children = (
				45E373F327024B1200ECADEE /* ButtonActionInTV */,
				45E373F227024B1200ECADEE /* Products */,
			);
			sourceTree = "<group>";
		};
		45E373F227024B1200ECADEE /* Products */ = {
			isa = PBXGroup;
			children = (
				45E373F127024B1200ECADEE /* ButtonActionInTV.app */,
			);
			name = Products;
			sourceTree = "<group>";
		};
		45E373F327024B1200ECADEE /* ButtonActionInTV */ = {
			isa = PBXGroup;
			children = (
				45E373F427024B1200ECADEE /* AppDelegate.swift */,
				45E373F627024B1200ECADEE /* SceneDelegate.swift */,
				45E373F827024B1200ECADEE /* ViewController.swift */,
				45E3740827024B6000ECADEE /* MyTableViewCell.swift */,
				45E3740927024B6000ECADEE /* MyTableViewCell.xib */,
				45E373FA27024B1200ECADEE /* Main.storyboard */,
				45E373FD27024B1400ECADEE /* Assets.xcassets */,
				45E373FF27024B1400ECADEE /* LaunchScreen.storyboard */,
				45E3740227024B1400ECADEE /* Info.plist */,
			);
			path = ButtonActionInTV;
			sourceTree = "<group>";
		};
/* End PBXGroup section */

/* Begin PBXNativeTarget section */
		45E373F027024B1200ECADEE /* ButtonActionInTV */ = {
			isa = PBXNativeTarget;
			buildConfigurationList = 45E3740527024B1400ECADEE /* Build configuration list for PBXNativeTarget "ButtonActionInTV" */;
			buildPhases = (
				45E373ED27024B1200ECADEE /* Sources */,
				45E373EE27024B1200ECADEE /* Frameworks */,
				45E373EF27024B1200ECADEE /* Resources */,
			);
			buildRules = (
			);
			dependencies = (
			);
			name = ButtonActionInTV;
			productName = ButtonActionInTV;
			productReference = 45E373F127024B1200ECADEE /* ButtonActionInTV.app */;
			productType = "com.apple.product-type.application";
		};
/* End PBXNativeTarget section */

/* Begin PBXProject section */
		45E373E927024B1200ECADEE /* Project object */ = {
			isa = PBXProject;
			attributes = {
				LastSwiftUpdateCheck = 1250;
				LastUpgradeCheck = 1250;
				TargetAttributes = {
					45E373F027024B1200ECADEE = {
						CreatedOnToolsVersion = 12.5;
					};
				};
			};
			buildConfigurationList = 45E373EC27024B1200ECADEE /* Build configuration list for PBXProject "ButtonActionInTV" */;
			compatibilityVersion = "Xcode 9.3";
			developmentRegion = en;
			hasScannedForEncodings = 0;
			knownRegions = (
				en,
				Base,
			);
			mainGroup = 45E373E827024B1200ECADEE;
			productRefGroup = 45E373F227024B1200ECADEE /* Products */;
			projectDirPath = "";
			projectRoot = "";
			targets = (
				45E373F027024B1200ECADEE /* ButtonActionInTV */,
			);
		};
/* End PBXProject section */

/* Begin PBXResourcesBuildPhase section */
		45E373EF27024B1200ECADEE /* Resources */ = {
			isa = PBXResourcesBuildPhase;
			buildActionMask = 2147483647;
			files = (
				45E3740127024B1400ECADEE /* LaunchScreen.storyboard in Resources */,
				45E3740B27024B6000ECADEE /* MyTableViewCell.xib in Resources */,
				45E373FE27024B1400ECADEE /* Assets.xcassets in Resources */,
				45E373FC27024B1200ECADEE /* Main.storyboard in Resources */,
			);
			runOnlyForDeploymentPostprocessing = 0;
		};
/* End PBXResourcesBuildPhase section */

/* Begin PBXSourcesBuildPhase section */
		45E373ED27024B1200ECADEE /* Sources */ = {
			isa = PBXSourcesBuildPhase;
			buildActionMask = 2147483647;
			files = (
				45E373F927024B1200ECADEE /* ViewController.swift in Sources */,
				45E3740A27024B6000ECADEE /* MyTableViewCell.swift in Sources */,
				45E373F527024B1200ECADEE /* AppDelegate.swift in Sources */,
				45E373F727024B1200ECADEE /* SceneDelegate.swift in Sources */,
			);
			runOnlyForDeploymentPostprocessing = 0;
		};
/* End PBXSourcesBuildPhase section */

/* Begin PBXVariantGroup section */
		45E373FA27024B1200ECADEE /* Main.storyboard */ = {
			isa = PBXVariantGroup;
			children = (
				45E373FB27024B1200ECADEE /* Base */,
			);
			name = Main.storyboard;
			sourceTree = "<group>";
		};
		45E373FF27024B1400ECADEE /* LaunchScreen.storyboard */ = {
			isa = PBXVariantGroup;
			children = (
				45E3740027024B1400ECADEE /* Base */,
			);
			name = LaunchScreen.storyboard;
			sourceTree = "<group>";
		};
/* End PBXVariantGroup section */

/* Begin XCBuildConfiguration section */
		45E3740327024B1400ECADEE /* Debug */ = {
			isa = XCBuildConfiguration;
			buildSettings = {
				ALWAYS_SEARCH_USER_PATHS = NO;
				CLANG_ANALYZER_NONNULL = YES;
				CLANG_ANALYZER_NUMBER_OBJECT_CONVERSION = YES_AGGRESSIVE;
				CLANG_CXX_LANGUAGE_STANDARD = "gnu++14";
				CLANG_CXX_LIBRARY = "libc++";
				CLANG_ENABLE_MODULES = YES;
				CLANG_ENABLE_OBJC_ARC = YES;
				CLANG_ENABLE_OBJC_WEAK = YES;
				CLANG_WARN_BLOCK_CAPTURE_AUTORELEASING = YES;
				CLANG_WARN_BOOL_CONVERSION = YES;
				CLANG_WARN_COMMA = YES;
				CLANG_WARN_CONSTANT_CONVERSION = YES;
				CLANG_WARN_DEPRECATED_OBJC_IMPLEMENTATIONS = YES;
				CLANG_WARN_DIRECT_OBJC_ISA_USAGE = YES_ERROR;
				CLANG_WARN_DOCUMENTATION_COMMENTS = YES;
				CLANG_WARN_EMPTY_BODY = YES;
				CLANG_WARN_ENUM_CONVERSION = YES;
				CLANG_WARN_INFINITE_RECURSION = YES;
				CLANG_WARN_INT_CONVERSION = YES;
				CLANG_WARN_NON_LITERAL_NULL_CONVERSION = YES;
				CLANG_WARN_OBJC_IMPLICIT_RETAIN_SELF = YES;
				CLANG_WARN_OBJC_LITERAL_CONVERSION = YES;
				CLANG_WARN_OBJC_ROOT_CLASS = YES_ERROR;
				CLANG_WARN_QUOTED_INCLUDE_IN_FRAMEWORK_HEADER = YES;
				CLANG_WARN_RANGE_LOOP_ANALYSIS = YES;
				CLANG_WARN_STRICT_PROTOTYPES = YES;
				CLANG_WARN_SUSPICIOUS_MOVE = YES;
				CLANG_WARN_UNGUARDED_AVAILABILITY = YES_AGGRESSIVE;
				CLANG_WARN_UNREACHABLE_CODE = YES;
				CLANG_WARN__DUPLICATE_METHOD_MATCH = YES;
				COPY_PHASE_STRIP = NO;
				DEBUG_INFORMATION_FORMAT = dwarf;
				ENABLE_STRICT_OBJC_MSGSEND = YES;
				ENABLE_TESTABILITY = YES;
				GCC_C_LANGUAGE_STANDARD = gnu11;
				GCC_DYNAMIC_NO_PIC = NO;
				GCC_NO_COMMON_BLOCKS = YES;
				GCC_OPTIMIZATION_LEVEL = 0;
				GCC_PREPROCESSOR_DEFINITIONS = (
					"DEBUG=1",
					"$(inherited)",
				);
				GCC_WARN_64_TO_32_BIT_CONVERSION = YES;
				GCC_WARN_ABOUT_RETURN_TYPE = YES_ERROR;
				GCC_WARN_UNDECLARED_SELECTOR = YES;
				GCC_WARN_UNINITIALIZED_AUTOS = YES_AGGRESSIVE;
				GCC_WARN_UNUSED_FUNCTION = YES;
				GCC_WARN_UNUSED_VARIABLE = YES;
				IPHONEOS_DEPLOYMENT_TARGET = 14.5;
				MTL_ENABLE_DEBUG_INFO = INCLUDE_SOURCE;
				MTL_FAST_MATH = YES;
				ONLY_ACTIVE_ARCH = YES;
				SDKROOT = iphoneos;
				SWIFT_ACTIVE_COMPILATION_CONDITIONS = DEBUG;
				SWIFT_OPTIMIZATION_LEVEL = "-Onone";
			};
			name = Debug;
		};
		45E3740427024B1400ECADEE /* Release */ = {
			isa = XCBuildConfiguration;
			buildSettings = {
				ALWAYS_SEARCH_USER_PATHS = NO;
				CLANG_ANALYZER_NONNULL = YES;
				CLANG_ANALYZER_NUMBER_OBJECT_CONVERSION = YES_AGGRESSIVE;
				CLANG_CXX_LANGUAGE_STANDARD = "gnu++14";
				CLANG_CXX_LIBRARY = "libc++";
				CLANG_ENABLE_MODULES = YES;
				CLANG_ENABLE_OBJC_ARC = YES;
				CLANG_ENABLE_OBJC_WEAK = YES;
				CLANG_WARN_BLOCK_CAPTURE_AUTORELEASING = YES;
				CLANG_WARN_BOOL_CONVERSION = YES;
				CLANG_WARN_COMMA = YES;
				CLANG_WARN_CONSTANT_CONVERSION = YES;
				CLANG_WARN_DEPRECATED_OBJC_IMPLEMENTATIONS = YES;
				CLANG_WARN_DIRECT_OBJC_ISA_USAGE = YES_ERROR;
				CLANG_WARN_DOCUMENTATION_COMMENTS = YES;
				CLANG_WARN_EMPTY_BODY = YES;
				CLANG_WARN_ENUM_CONVERSION = YES;
				CLANG_WARN_INFINITE_RECURSION = YES;
				CLANG_WARN_INT_CONVERSION = YES;
				CLANG_WARN_NON_LITERAL_NULL_CONVERSION = YES;
				CLANG_WARN_OBJC_IMPLICIT_RETAIN_SELF = YES;
				CLANG_WARN_OBJC_LITERAL_CONVERSION = YES;
				CLANG_WARN_OBJC_ROOT_CLASS = YES_ERROR;
				CLANG_WARN_QUOTED_INCLUDE_IN_FRAMEWORK_HEADER = YES;
				CLANG_WARN_RANGE_LOOP_ANALYSIS = YES;
				CLANG_WARN_STRICT_PROTOTYPES = YES;
				CLANG_WARN_SUSPICIOUS_MOVE = YES;
				CLANG_WARN_UNGUARDED_AVAILABILITY = YES_AGGRESSIVE;
				CLANG_WARN_UNREACHABLE_CODE = YES;
				CLANG_WARN__DUPLICATE_METHOD_MATCH = YES;
				COPY_PHASE_STRIP = NO;
				DEBUG_INFORMATION_FORMAT = "dwarf-with-dsym";
				ENABLE_NS_ASSERTIONS = NO;
				ENABLE_STRICT_OBJC_MSGSEND = YES;
				GCC_C_LANGUAGE_STANDARD = gnu11;
				GCC_NO_COMMON_BLOCKS = YES;
				GCC_WARN_64_TO_32_BIT_CONVERSION = YES;
				GCC_WARN_ABOUT_RETURN_TYPE = YES_ERROR;
				GCC_WARN_UNDECLARED_SELECTOR = YES;
				GCC_WARN_UNINITIALIZED_AUTOS = YES_AGGRESSIVE;
				GCC_WARN_UNUSED_FUNCTION = YES;
				GCC_WARN_UNUSED_VARIABLE = YES;
				IPHONEOS_DEPLOYMENT_TARGET = 14.5;
				MTL_ENABLE_DEBUG_INFO = NO;
				MTL_FAST_MATH = YES;
				SDKROOT = iphoneos;
				SWIFT_COMPILATION_MODE = wholemodule;
				SWIFT_OPTIMIZATION_LEVEL = "-O";
				VALIDATE_PRODUCT = YES;
			};
			name = Release;
		};
		45E3740627024B1400ECADEE /* Debug */ = {
			isa = XCBuildConfiguration;
			buildSettings = {
				ASSETCATALOG_COMPILER_APPICON_NAME = AppIcon;
				ASSETCATALOG_COMPILER_GLOBAL_ACCENT_COLOR_NAME = AccentColor;
				CODE_SIGN_STYLE = Automatic;
				DEVELOPMENT_TEAM = 88GGD7677D;
				INFOPLIST_FILE = ButtonActionInTV/Info.plist;
				LD_RUNPATH_SEARCH_PATHS = (
					"$(inherited)",
					"@executable_path/Frameworks",
				);
				PRODUCT_BUNDLE_IDENTIFIER = com.borisbolsh.ButtonActionInTV;
				PRODUCT_NAME = "$(TARGET_NAME)";
				SWIFT_VERSION = 5.0;
				TARGETED_DEVICE_FAMILY = "1,2";
			};
			name = Debug;
		};
		45E3740727024B1400ECADEE /* Release */ = {
			isa = XCBuildConfiguration;
			buildSettings = {
				ASSETCATALOG_COMPILER_APPICON_NAME = AppIcon;
				ASSETCATALOG_COMPILER_GLOBAL_ACCENT_COLOR_NAME = AccentColor;
				CODE_SIGN_STYLE = Automatic;
				DEVELOPMENT_TEAM = 88GGD7677D;
				INFOPLIST_FILE = ButtonActionInTV/Info.plist;
				LD_RUNPATH_SEARCH_PATHS = (
					"$(inherited)",
					"@executable_path/Frameworks",
				);
				PRODUCT_BUNDLE_IDENTIFIER = com.borisbolsh.ButtonActionInTV;
				PRODUCT_NAME = "$(TARGET_NAME)";
				SWIFT_VERSION = 5.0;
				TARGETED_DEVICE_FAMILY = "1,2";
			};
			name = Release;
		};
/* End XCBuildConfiguration section */

/* Begin XCConfigurationList section */
		45E373EC27024B1200ECADEE /* Build configuration list for PBXProject "ButtonActionInTV" */ = {
			isa = XCConfigurationList;
			buildConfigurations = (
				45E3740327024B1400ECADEE /* Debug */,
				45E3740427024B1400ECADEE /* Release */,
			);
			defaultConfigurationIsVisible = 0;
			defaultConfigurationName = Release;
		};
		45E3740527024B1400ECADEE /* Build configuration list for PBXNativeTarget "ButtonActionInTV" */ = {
			isa = XCConfigurationList;
			buildConfigurations = (
				45E3740627024B1400ECADEE /* Debug */,
				45E3740727024B1400ECADEE /* Release */,
			);
			defaultConfigurationIsVisible = 0;
			defaultConfigurationName = Release;
		};
/* End XCConfigurationList section */
	};
	rootObject = 45E373E927024B1200ECADEE /* Project object */;
}
